
Microsoft Visual Studio Solution File, Format Version 12.00
# Visual Studio 15
VisualStudioVersion = 15.0.27428.2002
MinimumVisualStudioVersion = 10.0.40219.1
Project("{FAE04EC0-301F-11D3-BF4B-00C04F79EFBC}") = "Notifications", "Notifications\Notifications.csproj", "{28D343A0-7BFF-422D-8585-0F50FC722395}"
EndProject
Project("{151D2E53-A2C4-4D7D-83FE-D05416EBD58E}") = "NotificationDeploy", "NotificationDeploy\NotificationDeploy.deployproj", "{C020BC22-7A04-4EBB-80DF-AD469F7BC13C}"
EndProject
Global
	GlobalSection(SolutionConfigurationPlatforms) = preSolution
		Debug|Any CPU = Debug|Any CPU
		Release|Any CPU = Release|Any CPU
	EndGlobalSection
	GlobalSection(ProjectConfigurationPlatforms) = postSolution
		{28D343A0-7BFF-422D-8585-0F50FC722395}.Debug|Any CPU.ActiveCfg = Debug|Any CPU
		{28D343A0-7BFF-422D-8585-0F50FC722395}.Debug|Any CPU.Build.0 = Debug|Any CPU
		{28D343A0-7BFF-422D-8585-0F50FC722395}.Release|Any CPU.ActiveCfg = Release|Any CPU
		{28D343A0-7BFF-422D-8585-0F50FC722395}.Release|Any CPU.Build.0 = Release|Any CPU
		{C020BC22-7A04-4EBB-80DF-AD469F7BC13C}.Debug|Any CPU.ActiveCfg = Debug|Any CPU
		{C020BC22-7A04-4EBB-80DF-AD469F7BC13C}.Debug|Any CPU.Build.0 = Debug|Any CPU
		{C020BC22-7A04-4EBB-80DF-AD469F7BC13C}.Release|Any CPU.ActiveCfg = Release|Any CPU
		{C020BC22-7A04-4EBB-80DF-AD469F7BC13C}.Release|Any CPU.Build.0 = Release|Any CPU
	EndGlobalSection
	GlobalSection(SolutionProperties) = preSolution
		HideSolutionNode = FALSE
	EndGlobalSection
	GlobalSection(ExtensibilityGlobals) = postSolution
		SolutionGuid = {87EBDE5F-7E16-4A79-B4AA-C64011824582}
	EndGlobalSection
EndGlobal
